
Microsoft Visual Studio Solution File, Format Version 12.00
# Visual Studio Version 17
VisualStudioVersion = 17.14.36127.28 d17.14
MinimumVisualStudioVersion = 10.0.40219.1
Project("{FAE04EC0-301F-11D3-BF4B-00C04F79EFBC}") = "Autoria 2", "Autoria 2\Autoria 2.csproj", "{52649C70-8B6B-4108-8986-318C370A1CE5}"
EndProject
Global
	GlobalSection(SolutionConfigurationPlatforms) = preSolution
		Debug|Any CPU = Debug|Any CPU
		Release|Any CPU = Release|Any CPU
	EndGlobalSection
	GlobalSection(ProjectConfigurationPlatforms) = postSolution
		{52649C70-8B6B-4108-8986-318C370A1CE5}.Debug|Any CPU.ActiveCfg = Debug|Any CPU
		{52649C70-8B6B-4108-8986-318C370A1CE5}.Debug|Any CPU.Build.0 = Debug|Any CPU
		{52649C70-8B6B-4108-8986-318C370A1CE5}.Release|Any CPU.ActiveCfg = Release|Any CPU
		{52649C70-8B6B-4108-8986-318C370A1CE5}.Release|Any CPU.Build.0 = Release|Any CPU
	EndGlobalSection
	GlobalSection(SolutionProperties) = preSolution
		HideSolutionNode = FALSE
	EndGlobalSection
	GlobalSection(ExtensibilityGlobals) = postSolution
		SolutionGuid = {91D2809D-7F6C-42DC-9979-59A1FAE2251E}
	EndGlobalSection
EndGlobal
